
Microsoft Visual Studio Solution File, Format Version 12.00
# Visual Studio 2013
VisualStudioVersion = 12.0.20617.1 PREVIEW
MinimumVisualStudioVersion = 10.0.40219.1
Project("{FAE04EC0-301F-11D3-BF4B-00C04F79EFBC}") = "beta.TheSoundOf.net", "beta.TheSoundOf.net\beta.TheSoundOf.net.csproj", "{545A73C5-A104-4AA8-80B3-E482F0577184}"
EndProject
Project("{FAE04EC0-301F-11D3-BF4B-00C04F79EFBC}") = "beta.TheSoundOf.net.Tests", "beta.TheSoundOf.net.Tests\beta.TheSoundOf.net.Tests.csproj", "{5FCC885E-C6D7-4B82-9173-48845E62119A}"
	ProjectSection(ProjectDependencies) = postProject
		{545A73C5-A104-4AA8-80B3-E482F0577184} = {545A73C5-A104-4AA8-80B3-E482F0577184}
	EndProjectSection
EndProject
Global
	GlobalSection(SolutionConfigurationPlatforms) = preSolution
		Debug|Any CPU = Debug|Any CPU
		Release|Any CPU = Release|Any CPU
	EndGlobalSection
	GlobalSection(ProjectConfigurationPlatforms) = postSolution
		{545A73C5-A104-4AA8-80B3-E482F0577184}.Debug|Any CPU.ActiveCfg = Debug|Any CPU
		{545A73C5-A104-4AA8-80B3-E482F0577184}.Debug|Any CPU.Build.0 = Debug|Any CPU
		{545A73C5-A104-4AA8-80B3-E482F0577184}.Release|Any CPU.ActiveCfg = Release|Any CPU
		{545A73C5-A104-4AA8-80B3-E482F0577184}.Release|Any CPU.Build.0 = Release|Any CPU
		{5FCC885E-C6D7-4B82-9173-48845E62119A}.Debug|Any CPU.ActiveCfg = Debug|Any CPU
		{5FCC885E-C6D7-4B82-9173-48845E62119A}.Debug|Any CPU.Build.0 = Debug|Any CPU
		{5FCC885E-C6D7-4B82-9173-48845E62119A}.Release|Any CPU.ActiveCfg = Release|Any CPU
		{5FCC885E-C6D7-4B82-9173-48845E62119A}.Release|Any CPU.Build.0 = Release|Any CPU
	EndGlobalSection
	GlobalSection(SolutionProperties) = preSolution
		HideSolutionNode = FALSE
	EndGlobalSection
EndGlobal
